
Microsoft Visual Studio Solution File, Format Version 12.00
# Visual Studio 15
VisualStudioVersion = 15.0.27004.2009
MinimumVisualStudioVersion = 10.0.40219.1
Project("{E24C65DC-7377-472B-9ABA-BC803B73C61A}") = "directi(1)", ".", "{4244A807-532B-47C2-89BE-ACCB06AC2C08}"
	ProjectSection(WebsiteProperties) = preProject
		TargetFrameworkMoniker = ".NETFramework,Version%3Dv4.0"
		Debug.AspNetCompiler.VirtualPath = "/localhost_49736"
		Debug.AspNetCompiler.PhysicalPath = "D:\sanket\Own\directi\"
		Debug.AspNetCompiler.TargetPath = "PrecompiledWeb\localhost_49736\"
		Debug.AspNetCompiler.Updateable = "true"
		Debug.AspNetCompiler.ForceOverwrite = "true"
		Debug.AspNetCompiler.FixedNames = "false"
		Debug.AspNetCompiler.Debug = "True"
		Release.AspNetCompiler.VirtualPath = "/localhost_49736"
		Release.AspNetCompiler.PhysicalPath = "D:\sanket\Own\directi\"
		Release.AspNetCompiler.TargetPath = "PrecompiledWeb\localhost_49736\"
		Release.AspNetCompiler.Updateable = "true"
		Release.AspNetCompiler.ForceOverwrite = "true"
		Release.AspNetCompiler.FixedNames = "false"
		Release.AspNetCompiler.Debug = "False"
		VWDPort = "49736"
	EndProjectSection
EndProject
Global
	GlobalSection(SolutionConfigurationPlatforms) = preSolution
		Debug|Any CPU = Debug|Any CPU
	EndGlobalSection
	GlobalSection(ProjectConfigurationPlatforms) = postSolution
		{4244A807-532B-47C2-89BE-ACCB06AC2C08}.Debug|Any CPU.ActiveCfg = Debug|Any CPU
		{4244A807-532B-47C2-89BE-ACCB06AC2C08}.Debug|Any CPU.Build.0 = Debug|Any CPU
	EndGlobalSection
	GlobalSection(SolutionProperties) = preSolution
		HideSolutionNode = FALSE
	EndGlobalSection
	GlobalSection(ExtensibilityGlobals) = postSolution
		SolutionGuid = {0045B73E-B0A9-4C86-9ED0-4C1DB412AD40}
	EndGlobalSection
EndGlobal
